
Microsoft Visual Studio Solution File, Format Version 12.00
Project("{FAE04EC0-301F-11D3-BF4B-00C04F79EFBC}") = "Hosting", "Hosting\Hosting.csproj", "{01328823-C5B4-46FD-B95C-E14992D09755}"
EndProject
Global
	GlobalSection(SolutionConfigurationPlatforms) = preSolution
		Debug|Any CPU = Debug|Any CPU
		Release|Any CPU = Release|Any CPU
	EndGlobalSection
	GlobalSection(ProjectConfigurationPlatforms) = postSolution
		{01328823-C5B4-46FD-B95C-E14992D09755}.Debug|Any CPU.ActiveCfg = Debug|Any CPU
		{01328823-C5B4-46FD-B95C-E14992D09755}.Debug|Any CPU.Build.0 = Debug|Any CPU
		{01328823-C5B4-46FD-B95C-E14992D09755}.Release|Any CPU.ActiveCfg = Release|Any CPU
		{01328823-C5B4-46FD-B95C-E14992D09755}.Release|Any CPU.Build.0 = Release|Any CPU
	EndGlobalSection
EndGlobal
